
Microsoft Visual Studio Solution File, Format Version 12.00
# Visual Studio Version 17
VisualStudioVersion = 17.2.32526.322
MinimumVisualStudioVersion = 10.0.40219.1
Project("{FAE04EC0-301F-11D3-BF4B-00C04F79EFBC}") = "Buffet", "Buffet.csproj", "{56843633-936C-403F-B9F0-C4983B23C1EA}"
EndProject
Global
	GlobalSection(SolutionConfigurationPlatforms) = preSolution
		Debug|Any CPU = Debug|Any CPU
		Release|Any CPU = Release|Any CPU
	EndGlobalSection
	GlobalSection(ProjectConfigurationPlatforms) = postSolution
		{56843633-936C-403F-B9F0-C4983B23C1EA}.Debug|Any CPU.ActiveCfg = Debug|Any CPU
		{56843633-936C-403F-B9F0-C4983B23C1EA}.Debug|Any CPU.Build.0 = Debug|Any CPU
		{56843633-936C-403F-B9F0-C4983B23C1EA}.Release|Any CPU.ActiveCfg = Release|Any CPU
		{56843633-936C-403F-B9F0-C4983B23C1EA}.Release|Any CPU.Build.0 = Release|Any CPU
	EndGlobalSection
	GlobalSection(SolutionProperties) = preSolution
		HideSolutionNode = FALSE
	EndGlobalSection
	GlobalSection(ExtensibilityGlobals) = postSolution
		SolutionGuid = {4322850D-ECBB-442D-9B11-163722FBA49B}
	EndGlobalSection
EndGlobal
